
Microsoft Visual Studio Solution File, Format Version 12.00
# Visual Studio Version 17
VisualStudioVersion = 17.11.35327.3
MinimumVisualStudioVersion = 10.0.40219.1
Project("{FAE04EC0-301F-11D3-BF4B-00C04F79EFBC}") = "ASS4", "ASS4\ASS4.csproj", "{B3652A23-C93E-4BE6-A194-2E11A63CFDDD}"
EndProject
Global
	GlobalSection(SolutionConfigurationPlatforms) = preSolution
		Debug|Any CPU = Debug|Any CPU
		Release|Any CPU = Release|Any CPU
	EndGlobalSection
	GlobalSection(ProjectConfigurationPlatforms) = postSolution
		{B3652A23-C93E-4BE6-A194-2E11A63CFDDD}.Debug|Any CPU.ActiveCfg = Debug|Any CPU
		{B3652A23-C93E-4BE6-A194-2E11A63CFDDD}.Debug|Any CPU.Build.0 = Debug|Any CPU
		{B3652A23-C93E-4BE6-A194-2E11A63CFDDD}.Release|Any CPU.ActiveCfg = Release|Any CPU
		{B3652A23-C93E-4BE6-A194-2E11A63CFDDD}.Release|Any CPU.Build.0 = Release|Any CPU
	EndGlobalSection
	GlobalSection(SolutionProperties) = preSolution
		HideSolutionNode = FALSE
	EndGlobalSection
	GlobalSection(ExtensibilityGlobals) = postSolution
		SolutionGuid = {01B1F4EA-32D5-407B-A139-FD48819B22F8}
	EndGlobalSection
EndGlobal
